Microsoft Visual Studio Solution File, Format Version 12.00
# Visual Studio 2013
VisualStudioVersion = 12.0.40629.0
MinimumVisualStudioVersion = 10.0.40219.1
Project("{8BC9CEB8-8B4A-11D0-8D11-00A0C91BC942}") = "Utility", "Utility\Utility.vcxproj", "{6A948AB2-5694-3DB0-877C-397DF7638657}"
EndProject
Project("{8BC9CEB8-8B4A-11D0-8D11-00A0C91BC942}") = "CommonFile", "CommonFile\CommonFile.vcxproj", "{78F49466-A033-3923-8DFB-C96036BD5EE6}"
EndProject
Project("{8BC9CEB8-8B4A-11D0-8D11-00A0C91BC942}") = "MainView", "ViewManage\MainView\MainView.vcxproj", "{66D11584-A910-3FB3-BB3F-000678A23C87}"
EndProject
Project("{8BC9CEB8-8B4A-11D0-8D11-00A0C91BC942}") = "MainWindow", "ViewManage\MainWindow\MainWindow.vcxproj", "{AB9E2CCE-5687-35D6-B043-D47D4F1B7090}"
EndProject
Project("{8BC9CEB8-8B4A-11D0-8D11-00A0C91BC942}") = "ModelManage", "ModelManage\ModelManage.vcxproj", "{0F6FC11C-EF24-3B61-884C-0CF7FF39292E}"
EndProject
Project("{8BC9CEB8-8B4A-11D0-8D11-00A0C91BC942}") = "LogicManage", "LogicManage\LogicManage.vcxproj", "{35A58CF5-96F2-3299-898C-07EB71BE9A54}"
EndProject
Project("{8BC9CEB8-8B4A-11D0-8D11-00A0C91BC942}") = "LotterySystem", "MainClient\LotterySystem.vcxproj", "{AA233E68-79CC-3292-ACDC-3FED14F9236F}"
	ProjectSection(ProjectDependencies) = postProject
		{78F49466-A033-3923-8DFB-C96036BD5EE6} = {78F49466-A033-3923-8DFB-C96036BD5EE6}
		{66D11584-A910-3FB3-BB3F-000678A23C87} = {66D11584-A910-3FB3-BB3F-000678A23C87}
		{AB9E2CCE-5687-35D6-B043-D47D4F1B7090} = {AB9E2CCE-5687-35D6-B043-D47D4F1B7090}
		{0F6FC11C-EF24-3B61-884C-0CF7FF39292E} = {0F6FC11C-EF24-3B61-884C-0CF7FF39292E}
		{35A58CF5-96F2-3299-898C-07EB71BE9A54} = {35A58CF5-96F2-3299-898C-07EB71BE9A54}
		{3053EF90-6E11-307C-930B-B2DBB7495EBE} = {3053EF90-6E11-307C-930B-B2DBB7495EBE}
		{6A948AB2-5694-3DB0-877C-397DF7638657} = {6A948AB2-5694-3DB0-877C-397DF7638657}
	EndProjectSection
EndProject
Project("{8BC9CEB8-8B4A-11D0-8D11-00A0C91BC942}") = "CommunicationModule", "Component\CommunicationModule\CommunicationModule.vcxproj", "{3053EF90-6E11-307C-930B-B2DBB7495EBE}"
EndProject
Project("{2150E333-8FDC-42A3-9474-1A3956D46DE8}") = "ViewManage", "ViewManage", "{D545A9B9-8BFC-48F3-9A6B-393E27D5E579}"
EndProject
Project("{2150E333-8FDC-42A3-9474-1A3956D46DE8}") = "Component", "Component", "{C367F631-875E-4B8C-B7E5-75D8378A48CC}"
EndProject
Global
	GlobalSection(SolutionConfigurationPlatforms) = preSolution
		Debug|Win32 = Debug|Win32
		Release|Win32 = Release|Win32
	EndGlobalSection
	GlobalSection(ProjectConfigurationPlatforms) = postSolution
		{6A948AB2-5694-3DB0-877C-397DF7638657}.Debug|Win32.ActiveCfg = Debug|Win32
		{6A948AB2-5694-3DB0-877C-397DF7638657}.Debug|Win32.Build.0 = Debug|Win32
		{6A948AB2-5694-3DB0-877C-397DF7638657}.Release|Win32.ActiveCfg = Release|Win32
		{6A948AB2-5694-3DB0-877C-397DF7638657}.Release|Win32.Build.0 = Release|Win32
		{78F49466-A033-3923-8DFB-C96036BD5EE6}.Debug|Win32.ActiveCfg = Debug|Win32
		{78F49466-A033-3923-8DFB-C96036BD5EE6}.Debug|Win32.Build.0 = Debug|Win32
		{78F49466-A033-3923-8DFB-C96036BD5EE6}.Release|Win32.ActiveCfg = Release|Win32
		{78F49466-A033-3923-8DFB-C96036BD5EE6}.Release|Win32.Build.0 = Release|Win32
		{66D11584-A910-3FB3-BB3F-000678A23C87}.Debug|Win32.ActiveCfg = Debug|Win32
		{66D11584-A910-3FB3-BB3F-000678A23C87}.Debug|Win32.Build.0 = Debug|Win32
		{66D11584-A910-3FB3-BB3F-000678A23C87}.Release|Win32.ActiveCfg = Release|Win32
		{66D11584-A910-3FB3-BB3F-000678A23C87}.Release|Win32.Build.0 = Release|Win32
		{AB9E2CCE-5687-35D6-B043-D47D4F1B7090}.Debug|Win32.ActiveCfg = Debug|Win32
		{AB9E2CCE-5687-35D6-B043-D47D4F1B7090}.Debug|Win32.Build.0 = Debug|Win32
		{AB9E2CCE-5687-35D6-B043-D47D4F1B7090}.Release|Win32.ActiveCfg = Release|Win32
		{AB9E2CCE-5687-35D6-B043-D47D4F1B7090}.Release|Win32.Build.0 = Release|Win32
		{0F6FC11C-EF24-3B61-884C-0CF7FF39292E}.Debug|Win32.ActiveCfg = Debug|Win32
		{0F6FC11C-EF24-3B61-884C-0CF7FF39292E}.Debug|Win32.Build.0 = Debug|Win32
		{0F6FC11C-EF24-3B61-884C-0CF7FF39292E}.Release|Win32.ActiveCfg = Release|Win32
		{0F6FC11C-EF24-3B61-884C-0CF7FF39292E}.Release|Win32.Build.0 = Release|Win32
		{35A58CF5-96F2-3299-898C-07EB71BE9A54}.Debug|Win32.ActiveCfg = Debug|Win32
		{35A58CF5-96F2-3299-898C-07EB71BE9A54}.Debug|Win32.Build.0 = Debug|Win32
		{35A58CF5-96F2-3299-898C-07EB71BE9A54}.Release|Win32.ActiveCfg = Release|Win32
		{35A58CF5-96F2-3299-898C-07EB71BE9A54}.Release|Win32.Build.0 = Release|Win32
		{AA233E68-79CC-3292-ACDC-3FED14F9236F}.Debug|Win32.ActiveCfg = Debug|Win32
		{AA233E68-79CC-3292-ACDC-3FED14F9236F}.Debug|Win32.Build.0 = Debug|Win32
		{AA233E68-79CC-3292-ACDC-3FED14F9236F}.Release|Win32.ActiveCfg = Release|Win32
		{AA233E68-79CC-3292-ACDC-3FED14F9236F}.Release|Win32.Build.0 = Release|Win32
		{3053EF90-6E11-307C-930B-B2DBB7495EBE}.Debug|Win32.ActiveCfg = Debug|Win32
		{3053EF90-6E11-307C-930B-B2DBB7495EBE}.Debug|Win32.Build.0 = Debug|Win32
		{3053EF90-6E11-307C-930B-B2DBB7495EBE}.Release|Win32.ActiveCfg = Release|Win32
		{3053EF90-6E11-307C-930B-B2DBB7495EBE}.Release|Win32.Build.0 = Release|Win32
	EndGlobalSection
	GlobalSection(SolutionProperties) = preSolution
		HideSolutionNode = FALSE
	EndGlobalSection
	GlobalSection(NestedProjects) = preSolution
		{66D11584-A910-3FB3-BB3F-000678A23C87} = {D545A9B9-8BFC-48F3-9A6B-393E27D5E579}
		{AB9E2CCE-5687-35D6-B043-D47D4F1B7090} = {D545A9B9-8BFC-48F3-9A6B-393E27D5E579}
		{3053EF90-6E11-307C-930B-B2DBB7495EBE} = {C367F631-875E-4B8C-B7E5-75D8378A48CC}
	EndGlobalSection
	GlobalSection(ExtensibilityGlobals) = postSolution
		Qt5Version = msvc2013
	EndGlobalSection
EndGlobal
